// !$*UTF8*$!
{
	archiveVersion = 1;
	classes = {
	};
	objectVersion = 46;
	objects = {

/* Begin PBXBuildFile section */
		B6BBAE901CDC41F100F358B8 /* amf.c in Sources */ = {isa = PBXBuildFile; fileRef = B6BBAE801CDC41F100F358B8 /* amf.c */; };
		B6BBAE911CDC41F100F358B8 /* error.c in Sources */ = {isa = PBXBuildFile; fileRef = B6BBAE851CDC41F100F358B8 /* error.c */; };
		B6BBAE921CDC41F100F358B8 /* hashswf.c in Sources */ = {isa = PBXBuildFile; fileRef = B6BBAE881CDC41F100F358B8 /* hashswf.c */; };
		B6BBAE931CDC41F100F358B8 /* log.c in Sources */ = {isa = PBXBuildFile; fileRef = B6BBAE8A1CDC41F100F358B8 /* log.c */; };
		B6BBAE941CDC41F100F358B8 /* parseurl.c in Sources */ = {isa = PBXBuildFile; fileRef = B6BBAE8C1CDC41F100F358B8 /* parseurl.c */; };
		B6BBAE951CDC41F100F358B8 /* rtmp.c in Sources */ = {isa = PBXBuildFile; fileRef = B6BBAE8D1CDC41F100F358B8 /* rtmp.c */; };
/* End PBXBuildFile section */

/* Begin PBXCopyFilesBuildPhase section */
		B6BBAE2B1CDC3E2700F358B8 /* CopyFiles */ = {
			isa = PBXCopyFilesBuildPhase;
			buildActionMask = 2147483647;
			dstPath = "include/$(PRODUCT_NAME)";
			dstSubfolderSpec = 16;
			files = (
			);
			runOnlyForDeploymentPostprocessing = 0;
		};
/* End PBXCopyFilesBuildPhase section */

/* Begin PBXFileReference section */
		B6BBAE2D1CDC3E2700F358B8 /* libpili-librtmp.a */ = {isa = PBXFileReference; explicitFileType = archive.ar; includeInIndex = 0; path = "libpili-librtmp.a"; sourceTree = BUILT_PRODUCTS_DIR; };
		B6BBAE801CDC41F100F358B8 /* amf.c */ = {isa = PBXFileReference; fileEncoding = 4; lastKnownFileType = sourcecode.c.c; path = amf.c; sourceTree = "<group>"; };
		B6BBAE811CDC41F100F358B8 /* amf.h */ = {isa = PBXFileReference; fileEncoding = 4; lastKnownFileType = sourcecode.c.h; path = amf.h; sourceTree = "<group>"; };
		B6BBAE821CDC41F100F358B8 /* bytes.h */ = {isa = PBXFileReference; fileEncoding = 4; lastKnownFileType = sourcecode.c.h; path = bytes.h; sourceTree = "<group>"; };
		B6BBAE831CDC41F100F358B8 /* dh.h */ = {isa = PBXFileReference; fileEncoding = 4; lastKnownFileType = sourcecode.c.h; path = dh.h; sourceTree = "<group>"; };
		B6BBAE841CDC41F100F358B8 /* dhgroups.h */ = {isa = PBXFileReference; fileEncoding = 4; lastKnownFileType = sourcecode.c.h; path = dhgroups.h; sourceTree = "<group>"; };
		B6BBAE851CDC41F100F358B8 /* error.c */ = {isa = PBXFileReference; fileEncoding = 4; lastKnownFileType = sourcecode.c.c; path = error.c; sourceTree = "<group>"; };
		B6BBAE861CDC41F100F358B8 /* error.h */ = {isa = PBXFileReference; fileEncoding = 4; lastKnownFileType = sourcecode.c.h; path = error.h; sourceTree = "<group>"; };
		B6BBAE871CDC41F100F358B8 /* handshake.h */ = {isa = PBXFileReference; fileEncoding = 4; lastKnownFileType = sourcecode.c.h; path = handshake.h; sourceTree = "<group>"; };
		B6BBAE881CDC41F100F358B8 /* hashswf.c */ = {isa = PBXFileReference; fileEncoding = 4; lastKnownFileType = sourcecode.c.c; path = hashswf.c; sourceTree = "<group>"; };
		B6BBAE891CDC41F100F358B8 /* http.h */ = {isa = PBXFileReference; fileEncoding = 4; lastKnownFileType = sourcecode.c.h; path = http.h; sourceTree = "<group>"; };
		B6BBAE8A1CDC41F100F358B8 /* log.c */ = {isa = PBXFileReference; fileEncoding = 4; lastKnownFileType = sourcecode.c.c; path = log.c; sourceTree = "<group>"; };
		B6BBAE8B1CDC41F100F358B8 /* log.h */ = {isa = PBXFileReference; fileEncoding = 4; lastKnownFileType = sourcecode.c.h; path = log.h; sourceTree = "<group>"; };
		B6BBAE8C1CDC41F100F358B8 /* parseurl.c */ = {isa = PBXFileReference; fileEncoding = 4; lastKnownFileType = sourcecode.c.c; path = parseurl.c; sourceTree = "<group>"; };
		B6BBAE8D1CDC41F100F358B8 /* rtmp.c */ = {isa = PBXFileReference; fileEncoding = 4; lastKnownFileType = sourcecode.c.c; path = rtmp.c; sourceTree = "<group>"; };
		B6BBAE8E1CDC41F100F358B8 /* rtmp.h */ = {isa = PBXFileReference; fileEncoding = 4; lastKnownFileType = sourcecode.c.h; path = rtmp.h; sourceTree = "<group>"; };
		B6BBAE8F1CDC41F100F358B8 /* rtmp_sys.h */ = {isa = PBXFileReference; fileEncoding = 4; lastKnownFileType = sourcecode.c.h; path = rtmp_sys.h; sourceTree = "<group>"; };
/* End PBXFileReference section */

/* Begin PBXFrameworksBuildPhase section */
		B6BBAE2A1CDC3E2700F358B8 /* Frameworks */ = {
			isa = PBXFrameworksBuildPhase;
			buildActionMask = 2147483647;
			files = (
			);
			runOnlyForDeploymentPostprocessing = 0;
		};
/* End PBXFrameworksBuildPhase section */

/* Begin PBXGroup section */
		B6BBAE241CDC3E2700F358B8 = {
			isa = PBXGroup;
			children = (
				B6BBAE7F1CDC41F100F358B8 /* pili-librtmp */,
				B6BBAE2E1CDC3E2700F358B8 /* Products */,
			);
			sourceTree = "<group>";
		};
		B6BBAE2E1CDC3E2700F358B8 /* Products */ = {
			isa = PBXGroup;
			children = (
				B6BBAE2D1CDC3E2700F358B8 /* libpili-librtmp.a */,
			);
			name = Products;
			sourceTree = "<group>";
		};
		B6BBAE7F1CDC41F100F358B8 /* pili-librtmp */ = {
			isa = PBXGroup;
			children = (
				B6BBAE801CDC41F100F358B8 /* amf.c */,
				B6BBAE811CDC41F100F358B8 /* amf.h */,
				B6BBAE821CDC41F100F358B8 /* bytes.h */,
				B6BBAE831CDC41F100F358B8 /* dh.h */,
				B6BBAE841CDC41F100F358B8 /* dhgroups.h */,
				B6BBAE851CDC41F100F358B8 /* error.c */,
				B6BBAE861CDC41F100F358B8 /* error.h */,
				B6BBAE871CDC41F100F358B8 /* handshake.h */,
				B6BBAE881CDC41F100F358B8 /* hashswf.c */,
				B6BBAE891CDC41F100F358B8 /* http.h */,
				B6BBAE8A1CDC41F100F358B8 /* log.c */,
				B6BBAE8B1CDC41F100F358B8 /* log.h */,
				B6BBAE8C1CDC41F100F358B8 /* parseurl.c */,
				B6BBAE8D1CDC41F100F358B8 /* rtmp.c */,
				B6BBAE8E1CDC41F100F358B8 /* rtmp.h */,
				B6BBAE8F1CDC41F100F358B8 /* rtmp_sys.h */,
			);
			name = "pili-librtmp";
			path = "../Pod/Classes/pili-librtmp";
			sourceTree = "<group>";
		};
/* End PBXGroup section */

/* Begin PBXNativeTarget section */
		B6BBAE2C1CDC3E2700F358B8 /* pili-librtmp */ = {
			isa = PBXNativeTarget;
			buildConfigurationList = B6BBAE361CDC3E2700F358B8 /* Build configuration list for PBXNativeTarget "pili-librtmp" */;
			buildPhases = (
				B6BBAE291CDC3E2700F358B8 /* Sources */,
				B6BBAE2A1CDC3E2700F358B8 /* Frameworks */,
				B6BBAE2B1CDC3E2700F358B8 /* CopyFiles */,
			);
			buildRules = (
			);
			dependencies = (
			);
			name = "pili-librtmp";
			productName = "pili-librtmp";
			productReference = B6BBAE2D1CDC3E2700F358B8 /* libpili-librtmp.a */;
			productType = "com.apple.product-type.library.static";
		};
/* End PBXNativeTarget section */

/* Begin PBXProject section */
		B6BBAE251CDC3E2700F358B8 /* Project object */ = {
			isa = PBXProject;
			attributes = {
				LastUpgradeCheck = 0720;
				ORGANIZATIONNAME = "Pili Engineering, Qiniu Inc.";
				TargetAttributes = {
					B6BBAE2C1CDC3E2700F358B8 = {
						CreatedOnToolsVersion = 7.2.1;
					};
				};
			};
			buildConfigurationList = B6BBAE281CDC3E2700F358B8 /* Build configuration list for PBXProject "pili-librtmp" */;
			compatibilityVersion = "Xcode 3.2";
			developmentRegion = English;
			hasScannedForEncodings = 0;
			knownRegions = (
				en,
			);
			mainGroup = B6BBAE241CDC3E2700F358B8;
			productRefGroup = B6BBAE2E1CDC3E2700F358B8 /* Products */;
			projectDirPath = "";
			projectRoot = "";
			targets = (
				B6BBAE2C1CDC3E2700F358B8 /* pili-librtmp */,
			);
		};
/* End PBXProject section */

/* Begin PBXSourcesBuildPhase section */
		B6BBAE291CDC3E2700F358B8 /* Sources */ = {
			isa = PBXSourcesBuildPhase;
			buildActionMask = 2147483647;
			files = (
				B6BBAE941CDC41F100F358B8 /* parseurl.c in Sources */,
				B6BBAE931CDC41F100F358B8 /* log.c in Sources */,
				B6BBAE951CDC41F100F358B8 /* rtmp.c in Sources */,
				B6BBAE911CDC41F100F358B8 /* error.c in Sources */,
				B6BBAE901CDC41F100F358B8 /* amf.c in Sources */,
				B6BBAE921CDC41F100F358B8 /* hashswf.c in Sources */,
			);
			runOnlyForDeploymentPostprocessing = 0;
		};
/* End PBXSourcesBuildPhase section */

/* Begin XCBuildConfiguration section */
		B6BBAE341CDC3E2700F358B8 /* Debug */ = {
			isa = XCBuildConfiguration;
			buildSettings = {
				ALWAYS_SEARCH_USER_PATHS = NO;
				CLANG_CXX_LANGUAGE_STANDARD = "gnu++0x";
				CLANG_CXX_LIBRARY = "libc++";
				CLANG_ENABLE_MODULES = YES;
				CLANG_ENABLE_OBJC_ARC = YES;
				CLANG_WARN_BOOL_CONVERSION = YES;
				CLANG_WARN_CONSTANT_CONVERSION = YES;
				CLANG_WARN_DIRECT_OBJC_ISA_USAGE = YES_ERROR;
				CLANG_WARN_EMPTY_BODY = YES;
				CLANG_WARN_ENUM_CONVERSION = YES;
				CLANG_WARN_INT_CONVERSION = YES;
				CLANG_WARN_OBJC_ROOT_CLASS = YES_ERROR;
				CLANG_WARN_UNREACHABLE_CODE = YES;
				CLANG_WARN__DUPLICATE_METHOD_MATCH = YES;
				"CODE_SIGN_IDENTITY[sdk=iphoneos*]" = "iPhone Developer";
				COPY_PHASE_STRIP = NO;
				DEBUG_INFORMATION_FORMAT = dwarf;
				ENABLE_STRICT_OBJC_MSGSEND = YES;
				ENABLE_TESTABILITY = YES;
				GCC_C_LANGUAGE_STANDARD = gnu99;
				GCC_DYNAMIC_NO_PIC = NO;
				GCC_NO_COMMON_BLOCKS = YES;
				GCC_OPTIMIZATION_LEVEL = 0;
				GCC_PREPROCESSOR_DEFINITIONS = (
					"DEBUG=1",
					"$(inherited)",
				);
				GCC_WARN_64_TO_32_BIT_CONVERSION = YES;
				GCC_WARN_ABOUT_RETURN_TYPE = YES_ERROR;
				GCC_WARN_UNDECLARED_SELECTOR = YES;
				GCC_WARN_UNINITIALIZED_AUTOS = YES_AGGRESSIVE;
				GCC_WARN_UNUSED_FUNCTION = YES;
				GCC_WARN_UNUSED_VARIABLE = YES;
				IPHONEOS_DEPLOYMENT_TARGET = 9.2;
				MTL_ENABLE_DEBUG_INFO = YES;
				ONLY_ACTIVE_ARCH = YES;
				SDKROOT = iphoneos;
			};
			name = Debug;
		};
		B6BBAE351CDC3E2700F358B8 /* Release */ = {
			isa = XCBuildConfiguration;
			buildSettings = {
				ALWAYS_SEARCH_USER_PATHS = NO;
				CLANG_CXX_LANGUAGE_STANDARD = "gnu++0x";
				CLANG_CXX_LIBRARY = "libc++";
				CLANG_ENABLE_MODULES = YES;
				CLANG_ENABLE_OBJC_ARC = YES;
				CLANG_WARN_BOOL_CONVERSION = YES;
				CLANG_WARN_CONSTANT_CONVERSION = YES;
				CLANG_WARN_DIRECT_OBJC_ISA_USAGE = YES_ERROR;
				CLANG_WARN_EMPTY_BODY = YES;
				CLANG_WARN_ENUM_CONVERSION = YES;
				CLANG_WARN_INT_CONVERSION = YES;
				CLANG_WARN_OBJC_ROOT_CLASS = YES_ERROR;
				CLANG_WARN_UNREACHABLE_CODE = YES;
				CLANG_WARN__DUPLICATE_METHOD_MATCH = YES;
				"CODE_SIGN_IDENTITY[sdk=iphoneos*]" = "iPhone Developer";
				COPY_PHASE_STRIP = NO;
				DEBUG_INFORMATION_FORMAT = "dwarf-with-dsym";
				ENABLE_NS_ASSERTIONS = NO;
				ENABLE_STRICT_OBJC_MSGSEND = YES;
				GCC_C_LANGUAGE_STANDARD = gnu99;
				GCC_NO_COMMON_BLOCKS = YES;
				GCC_WARN_64_TO_32_BIT_CONVERSION = YES;
				GCC_WARN_ABOUT_RETURN_TYPE = YES_ERROR;
				GCC_WARN_UNDECLARED_SELECTOR = YES;
				GCC_WARN_UNINITIALIZED_AUTOS = YES_AGGRESSIVE;
				GCC_WARN_UNUSED_FUNCTION = YES;
				GCC_WARN_UNUSED_VARIABLE = YES;
				IPHONEOS_DEPLOYMENT_TARGET = 9.2;
				MTL_ENABLE_DEBUG_INFO = NO;
				SDKROOT = iphoneos;
				VALIDATE_PRODUCT = YES;
			};
			name = Release;
		};
		B6BBAE371CDC3E2700F358B8 /* Debug */ = {
			isa = XCBuildConfiguration;
			buildSettings = {
				OTHER_LDFLAGS = "-ObjC";
				PRODUCT_NAME = "$(TARGET_NAME)";
				SKIP_INSTALL = YES;
			};
			name = Debug;
		};
		B6BBAE381CDC3E2700F358B8 /* Release */ = {
			isa = XCBuildConfiguration;
			buildSettings = {
				OTHER_LDFLAGS = "-ObjC";
				PRODUCT_NAME = "$(TARGET_NAME)";
				SKIP_INSTALL = YES;
			};
			name = Release;
		};
/* End XCBuildConfiguration section */

/* Begin XCConfigurationList section */
		B6BBAE281CDC3E2700F358B8 /* Build configuration list for PBXProject "pili-librtmp" */ = {
			isa = XCConfigurationList;
			buildConfigurations = (
				B6BBAE341CDC3E2700F358B8 /* Debug */,
				B6BBAE351CDC3E2700F358B8 /* Release */,
			);
			defaultConfigurationIsVisible = 0;
			defaultConfigurationName = Release;
		};
		B6BBAE361CDC3E2700F358B8 /* Build configuration list for PBXNativeTarget "pili-librtmp" */ = {
			isa = XCConfigurationList;
			buildConfigurations = (
				B6BBAE371CDC3E2700F358B8 /* Debug */,
				B6BBAE381CDC3E2700F358B8 /* Release */,
			);
			defaultConfigurationIsVisible = 0;
			defaultConfigurationName = Release;
		};
/* End XCConfigurationList section */
	};
	rootObject = B6BBAE251CDC3E2700F358B8 /* Project object */;
}
